
Microsoft Visual Studio Solution File, Format Version 12.00
# Visual Studio Version 17
VisualStudioVersion = 17.0.31903.59
MinimumVisualStudioVersion = 10.0.40219.1
Project("{2150E333-8FDC-42A3-9474-1A3956D46DE8}") = "src", "src", "{827E0CD3-B72D-47B6-A68D-7590B98EB39B}"
EndProject
Project("{FAE04EC0-301F-11D3-BF4B-00C04F79EFBC}") = "Po.Joker", "src\Po.Joker\Po.Joker.csproj", "{7355A326-A122-491B-B2F2-A919B9F4E244}"
EndProject
Project("{2150E333-8FDC-42A3-9474-1A3956D46DE8}") = "tests", "tests", "{0AB3BF05-4346-4AA6-1389-037BE0695223}"
EndProject
Project("{FAE04EC0-301F-11D3-BF4B-00C04F79EFBC}") = "Po.Joker.Tests.Unit", "tests\Po.Joker.Tests.Unit\Po.Joker.Tests.Unit.csproj", "{0E628B11-AC8F-46F8-92FB-4C94B4A07CBA}"
EndProject
Project("{FAE04EC0-301F-11D3-BF4B-00C04F79EFBC}") = "Po.Joker.Tests.Integration", "tests\Po.Joker.Tests.Integration\Po.Joker.Tests.Integration.csproj", "{820D1185-56F5-4CB9-AC9F-13AFF895BD63}"
EndProject
Global
	GlobalSection(SolutionConfigurationPlatforms) = preSolution
		Debug|Any CPU = Debug|Any CPU
		Debug|x64 = Debug|x64
		Debug|x86 = Debug|x86
		Release|Any CPU = Release|Any CPU
		Release|x64 = Release|x64
		Release|x86 = Release|x86
	EndGlobalSection
	GlobalSection(ProjectConfigurationPlatforms) = postSolution
		{7355A326-A122-491B-B2F2-A919B9F4E244}.Debug|Any CPU.ActiveCfg = Debug|Any CPU
		{7355A326-A122-491B-B2F2-A919B9F4E244}.Debug|Any CPU.Build.0 = Debug|Any CPU
		{7355A326-A122-491B-B2F2-A919B9F4E244}.Debug|x64.ActiveCfg = Debug|Any CPU
		{7355A326-A122-491B-B2F2-A919B9F4E244}.Debug|x64.Build.0 = Debug|Any CPU
		{7355A326-A122-491B-B2F2-A919B9F4E244}.Debug|x86.ActiveCfg = Debug|Any CPU
		{7355A326-A122-491B-B2F2-A919B9F4E244}.Debug|x86.Build.0 = Debug|Any CPU
		{7355A326-A122-491B-B2F2-A919B9F4E244}.Release|Any CPU.ActiveCfg = Release|Any CPU
		{7355A326-A122-491B-B2F2-A919B9F4E244}.Release|Any CPU.Build.0 = Release|Any CPU
		{7355A326-A122-491B-B2F2-A919B9F4E244}.Release|x64.ActiveCfg = Release|Any CPU
		{7355A326-A122-491B-B2F2-A919B9F4E244}.Release|x64.Build.0 = Release|Any CPU
		{7355A326-A122-491B-B2F2-A919B9F4E244}.Release|x86.ActiveCfg = Release|Any CPU
		{7355A326-A122-491B-B2F2-A919B9F4E244}.Release|x86.Build.0 = Release|Any CPU
		{0E628B11-AC8F-46F8-92FB-4C94B4A07CBA}.Debug|Any CPU.ActiveCfg = Debug|Any CPU
		{0E628B11-AC8F-46F8-92FB-4C94B4A07CBA}.Debug|Any CPU.Build.0 = Debug|Any CPU
		{0E628B11-AC8F-46F8-92FB-4C94B4A07CBA}.Debug|x64.ActiveCfg = Debug|Any CPU
		{0E628B11-AC8F-46F8-92FB-4C94B4A07CBA}.Debug|x64.Build.0 = Debug|Any CPU
		{0E628B11-AC8F-46F8-92FB-4C94B4A07CBA}.Debug|x86.ActiveCfg = Debug|Any CPU
		{0E628B11-AC8F-46F8-92FB-4C94B4A07CBA}.Debug|x86.Build.0 = Debug|Any CPU
		{0E628B11-AC8F-46F8-92FB-4C94B4A07CBA}.Release|Any CPU.ActiveCfg = Release|Any CPU
		{0E628B11-AC8F-46F8-92FB-4C94B4A07CBA}.Release|Any CPU.Build.0 = Release|Any CPU
		{0E628B11-AC8F-46F8-92FB-4C94B4A07CBA}.Release|x64.ActiveCfg = Release|Any CPU
		{0E628B11-AC8F-46F8-92FB-4C94B4A07CBA}.Release|x64.Build.0 = Release|Any CPU
		{0E628B11-AC8F-46F8-92FB-4C94B4A07CBA}.Release|x86.ActiveCfg = Release|Any CPU
		{0E628B11-AC8F-46F8-92FB-4C94B4A07CBA}.Release|x86.Build.0 = Release|Any CPU
		{820D1185-56F5-4CB9-AC9F-13AFF895BD63}.Debug|Any CPU.ActiveCfg = Debug|Any CPU
		{820D1185-56F5-4CB9-AC9F-13AFF895BD63}.Debug|Any CPU.Build.0 = Debug|Any CPU
		{820D1185-56F5-4CB9-AC9F-13AFF895BD63}.Debug|x64.ActiveCfg = Debug|Any CPU
		{820D1185-56F5-4CB9-AC9F-13AFF895BD63}.Debug|x64.Build.0 = Debug|Any CPU
		{820D1185-56F5-4CB9-AC9F-13AFF895BD63}.Debug|x86.ActiveCfg = Debug|Any CPU
		{820D1185-56F5-4CB9-AC9F-13AFF895BD63}.Debug|x86.Build.0 = Debug|Any CPU
		{820D1185-56F5-4CB9-AC9F-13AFF895BD63}.Release|Any CPU.ActiveCfg = Release|Any CPU
		{820D1185-56F5-4CB9-AC9F-13AFF895BD63}.Release|Any CPU.Build.0 = Release|Any CPU
		{820D1185-56F5-4CB9-AC9F-13AFF895BD63}.Release|x64.ActiveCfg = Release|Any CPU
		{820D1185-56F5-4CB9-AC9F-13AFF895BD63}.Release|x64.Build.0 = Release|Any CPU
		{820D1185-56F5-4CB9-AC9F-13AFF895BD63}.Release|x86.ActiveCfg = Release|Any CPU
		{820D1185-56F5-4CB9-AC9F-13AFF895BD63}.Release|x86.Build.0 = Release|Any CPU
	EndGlobalSection
	GlobalSection(SolutionProperties) = preSolution
		HideSolutionNode = FALSE
	EndGlobalSection
	GlobalSection(NestedProjects) = preSolution
		{7355A326-A122-491B-B2F2-A919B9F4E244} = {827E0CD3-B72D-47B6-A68D-7590B98EB39B}
		{0E628B11-AC8F-46F8-92FB-4C94B4A07CBA} = {0AB3BF05-4346-4AA6-1389-037BE0695223}
		{820D1185-56F5-4CB9-AC9F-13AFF895BD63} = {0AB3BF05-4346-4AA6-1389-037BE0695223}
	EndGlobalSection
EndGlobal
